
Microsoft Visual Studio Solution File, Format Version 12.00
# Visual Studio Version 17
VisualStudioVersion = 17.6.33829.357
MinimumVisualStudioVersion = 10.0.40219.1
Project("{9A19103F-16F7-4668-BE54-9A1E7A4F7556}") = "Fiap.Web.Aula03", "Fiap.Web.Aula03.csproj", "{1B688BCD-EDF4-4333-8D9A-46457C3386F2}"
EndProject
Global
	GlobalSection(SolutionConfigurationPlatforms) = preSolution
		Debug|Any CPU = Debug|Any CPU
		Release|Any CPU = Release|Any CPU
	EndGlobalSection
	GlobalSection(ProjectConfigurationPlatforms) = postSolution
		{1B688BCD-EDF4-4333-8D9A-46457C3386F2}.Debug|Any CPU.ActiveCfg = Debug|Any CPU
		{1B688BCD-EDF4-4333-8D9A-46457C3386F2}.Debug|Any CPU.Build.0 = Debug|Any CPU
		{1B688BCD-EDF4-4333-8D9A-46457C3386F2}.Release|Any CPU.ActiveCfg = Release|Any CPU
		{1B688BCD-EDF4-4333-8D9A-46457C3386F2}.Release|Any CPU.Build.0 = Release|Any CPU
	EndGlobalSection
	GlobalSection(SolutionProperties) = preSolution
		HideSolutionNode = FALSE
	EndGlobalSection
	GlobalSection(ExtensibilityGlobals) = postSolution
		SolutionGuid = {D688B271-1D94-4150-8DAD-A876BF19F968}
	EndGlobalSection
EndGlobal
